// !$*UTF8*$!
{
	archiveVersion = 1;
	classes = {
	};
	objectVersion = 56;
	objects = {

/* Begin PBXBuildFile section */
		C05F9DBE292D2F5D00DA56BC /* Launch Screen.storyboard in Resources */ = {isa = PBXBuildFile; fileRef = C05F9DBD292D2F5D00DA56BC /* Launch Screen.storyboard */; };
		C06FF780292E334200A5DBA8 /* QuizRow.swift in Sources */ = {isa = PBXBuildFile; fileRef = C06FF77F292E334200A5DBA8 /* QuizRow.swift */; };
		C06FF782292E3A4400A5DBA8 /* MyAsyncImage.swift in Sources */ = {isa = PBXBuildFile; fileRef = C06FF781292E3A4400A5DBA8 /* MyAsyncImage.swift */; };
		C06FF786292E5AF000A5DBA8 /* ScoresModel.swift in Sources */ = {isa = PBXBuildFile; fileRef = C06FF785292E5AF000A5DBA8 /* ScoresModel.swift */; };
		C07C3EF3291E7EE900D98362 /* QuizApp.swift in Sources */ = {isa = PBXBuildFile; fileRef = C07C3EF2291E7EE900D98362 /* QuizApp.swift */; };
		C07C3EF5291E7EE900D98362 /* QuizzesView.swift in Sources */ = {isa = PBXBuildFile; fileRef = C07C3EF4291E7EE900D98362 /* QuizzesView.swift */; };
		C07C3EF7291E7EED00D98362 /* Assets.xcassets in Resources */ = {isa = PBXBuildFile; fileRef = C07C3EF6291E7EED00D98362 /* Assets.xcassets */; };
		C07C3EFA291E7EED00D98362 /* Preview Assets.xcassets in Resources */ = {isa = PBXBuildFile; fileRef = C07C3EF9291E7EED00D98362 /* Preview Assets.xcassets */; };
		C07C3F22291E803B00D98362 /* QuizItem.swift in Sources */ = {isa = PBXBuildFile; fileRef = C07C3F1F291E803B00D98362 /* QuizItem.swift */; };
		C07C3F24291E803B00D98362 /* QuizzesModel.swift in Sources */ = {isa = PBXBuildFile; fileRef = C07C3F21291E803B00D98362 /* QuizzesModel.swift */; };
		C0CE93462922F8F400A36130 /* QuizPlayView.swift in Sources */ = {isa = PBXBuildFile; fileRef = C0CE93452922F8F400A36130 /* QuizPlayView.swift */; };
/* End PBXBuildFile section */

/* Begin PBXContainerItemProxy section */
		C07C3F00291E7EEE00D98362 /* PBXContainerItemProxy */ = {
			isa = PBXContainerItemProxy;
			containerPortal = C07C3EE7291E7EE800D98362 /* Project object */;
			proxyType = 1;
			remoteGlobalIDString = C07C3EEE291E7EE900D98362;
			remoteInfo = Quiz;
		};
		C07C3F0A291E7EEE00D98362 /* PBXContainerItemProxy */ = {
			isa = PBXContainerItemProxy;
			containerPortal = C07C3EE7291E7EE800D98362 /* Project object */;
			proxyType = 1;
			remoteGlobalIDString = C07C3EEE291E7EE900D98362;
			remoteInfo = Quiz;
		};
/* End PBXContainerItemProxy section */

/* Begin PBXFileReference section */
		C05F9DBD292D2F5D00DA56BC /* Launch Screen.storyboard */ = {isa = PBXFileReference; lastKnownFileType = file.storyboard; path = "Launch Screen.storyboard"; sourceTree = "<group>"; };
		C06FF77F292E334200A5DBA8 /* QuizRow.swift */ = {isa = PBXFileReference; lastKnownFileType = sourcecode.swift; path = QuizRow.swift; sourceTree = "<group>"; };
		C06FF781292E3A4400A5DBA8 /* MyAsyncImage.swift */ = {isa = PBXFileReference; lastKnownFileType = sourcecode.swift; path = MyAsyncImage.swift; sourceTree = "<group>"; };
		C06FF785292E5AF000A5DBA8 /* ScoresModel.swift */ = {isa = PBXFileReference; lastKnownFileType = sourcecode.swift; path = ScoresModel.swift; sourceTree = "<group>"; };
		C07C3EEF291E7EE900D98362 /* Quiz.app */ = {isa = PBXFileReference; explicitFileType = wrapper.application; includeInIndex = 0; path = Quiz.app; sourceTree = BUILT_PRODUCTS_DIR; };
		C07C3EF2291E7EE900D98362 /* QuizApp.swift */ = {isa = PBXFileReference; lastKnownFileType = sourcecode.swift; path = QuizApp.swift; sourceTree = "<group>"; };
		C07C3EF4291E7EE900D98362 /* QuizzesView.swift */ = {isa = PBXFileReference; lastKnownFileType = sourcecode.swift; path = QuizzesView.swift; sourceTree = "<group>"; };
		C07C3EF6291E7EED00D98362 /* Assets.xcassets */ = {isa = PBXFileReference; lastKnownFileType = folder.assetcatalog; path = Assets.xcassets; sourceTree = "<group>"; };
		C07C3EF9291E7EED00D98362 /* Preview Assets.xcassets */ = {isa = PBXFileReference; lastKnownFileType = folder.assetcatalog; path = "Preview Assets.xcassets"; sourceTree = "<group>"; };
		C07C3EFF291E7EEE00D98362 /* QuizTests.xctest */ = {isa = PBXFileReference; explicitFileType = wrapper.cfbundle; includeInIndex = 0; path = QuizTests.xctest; sourceTree = BUILT_PRODUCTS_DIR; };
		C07C3F09291E7EEE00D98362 /* QuizUITests.xctest */ = {isa = PBXFileReference; explicitFileType = wrapper.cfbundle; includeInIndex = 0; path = QuizUITests.xctest; sourceTree = BUILT_PRODUCTS_DIR; };
		C07C3F1F291E803B00D98362 /* QuizItem.swift */ = {isa = PBXFileReference; fileEncoding = 4; lastKnownFileType = sourcecode.swift; path = QuizItem.swift; sourceTree = "<group>"; };
		C07C3F21291E803B00D98362 /* QuizzesModel.swift */ = {isa = PBXFileReference; fileEncoding = 4; lastKnownFileType = sourcecode.swift; path = QuizzesModel.swift; sourceTree = "<group>"; };
		C0CE93452922F8F400A36130 /* QuizPlayView.swift */ = {isa = PBXFileReference; lastKnownFileType = sourcecode.swift; path = QuizPlayView.swift; sourceTree = "<group>"; };
/* End PBXFileReference section */

/* Begin PBXFrameworksBuildPhase section */
		C07C3EEC291E7EE900D98362 /* Frameworks */ = {
			isa = PBXFrameworksBuildPhase;
			buildActionMask = 2147483647;
			files = (
			);
			runOnlyForDeploymentPostprocessing = 0;
		};
		C07C3EFC291E7EEE00D98362 /* Frameworks */ = {
			isa = PBXFrameworksBuildPhase;
			buildActionMask = 2147483647;
			files = (
			);
			runOnlyForDeploymentPostprocessing = 0;
		};
		C07C3F06291E7EEE00D98362 /* Frameworks */ = {
			isa = PBXFrameworksBuildPhase;
			buildActionMask = 2147483647;
			files = (
			);
			runOnlyForDeploymentPostprocessing = 0;
		};
/* End PBXFrameworksBuildPhase section */

/* Begin PBXGroup section */
		C06FF783292E5AA600A5DBA8 /* Quizzes */ = {
			isa = PBXGroup;
			children = (
				C07C3F1F291E803B00D98362 /* QuizItem.swift */,
				C07C3F21291E803B00D98362 /* QuizzesModel.swift */,
			);
			path = Quizzes;
			sourceTree = "<group>";
		};
		C06FF784292E5ABD00A5DBA8 /* Scores */ = {
			isa = PBXGroup;
			children = (
				C06FF785292E5AF000A5DBA8 /* ScoresModel.swift */,
			);
			path = Scores;
			sourceTree = "<group>";
		};
		C07C3EE6291E7EE800D98362 = {
			isa = PBXGroup;
			children = (
				C07C3EF1291E7EE900D98362 /* Quiz */,
				C07C3EF0291E7EE900D98362 /* Products */,
			);
			sourceTree = "<group>";
		};
		C07C3EF0291E7EE900D98362 /* Products */ = {
			isa = PBXGroup;
			children = (
				C07C3EEF291E7EE900D98362 /* Quiz.app */,
				C07C3EFF291E7EEE00D98362 /* QuizTests.xctest */,
				C07C3F09291E7EEE00D98362 /* QuizUITests.xctest */,
			);
			name = Products;
			sourceTree = "<group>";
		};
		C07C3EF1291E7EE900D98362 /* Quiz */ = {
			isa = PBXGroup;
			children = (
				C07C3F1E291E7FB900D98362 /* Views */,
				C07C3F1C291E7F9500D98362 /* Modelos */,
				C07C3EF2291E7EE900D98362 /* QuizApp.swift */,
				C07C3EF6291E7EED00D98362 /* Assets.xcassets */,
				C07C3EF8291E7EED00D98362 /* Preview Content */,
			);
			path = Quiz;
			sourceTree = "<group>";
		};
		C07C3EF8291E7EED00D98362 /* Preview Content */ = {
			isa = PBXGroup;
			children = (
				C07C3EF9291E7EED00D98362 /* Preview Assets.xcassets */,
			);
			path = "Preview Content";
			sourceTree = "<group>";
		};
		C07C3F1C291E7F9500D98362 /* Modelos */ = {
			isa = PBXGroup;
			children = (
				C06FF784292E5ABD00A5DBA8 /* Scores */,
				C06FF783292E5AA600A5DBA8 /* Quizzes */,
			);
			path = Modelos;
			sourceTree = "<group>";
		};
		C07C3F1E291E7FB900D98362 /* Views */ = {
			isa = PBXGroup;
			children = (
				C05F9DBD292D2F5D00DA56BC /* Launch Screen.storyboard */,
				C07C3EF4291E7EE900D98362 /* QuizzesView.swift */,
				C0CE93452922F8F400A36130 /* QuizPlayView.swift */,
				C06FF77F292E334200A5DBA8 /* QuizRow.swift */,
				C06FF781292E3A4400A5DBA8 /* MyAsyncImage.swift */,
			);
			path = Views;
			sourceTree = "<group>";
		};
/* End PBXGroup section */

/* Begin PBXNativeTarget section */
		C07C3EEE291E7EE900D98362 /* Quiz */ = {
			isa = PBXNativeTarget;
			buildConfigurationList = C07C3F13291E7EEE00D98362 /* Build configuration list for PBXNativeTarget "Quiz" */;
			buildPhases = (
				C07C3EEB291E7EE900D98362 /* Sources */,
				C07C3EEC291E7EE900D98362 /* Frameworks */,
				C07C3EED291E7EE900D98362 /* Resources */,
			);
			buildRules = (
			);
			dependencies = (
			);
			name = Quiz;
			productName = Quiz;
			productReference = C07C3EEF291E7EE900D98362 /* Quiz.app */;
			productType = "com.apple.product-type.application";
		};
		C07C3EFE291E7EEE00D98362 /* QuizTests */ = {
			isa = PBXNativeTarget;
			buildConfigurationList = C07C3F16291E7EEE00D98362 /* Build configuration list for PBXNativeTarget "QuizTests" */;
			buildPhases = (
				C07C3EFB291E7EEE00D98362 /* Sources */,
				C07C3EFC291E7EEE00D98362 /* Frameworks */,
				C07C3EFD291E7EEE00D98362 /* Resources */,
			);
			buildRules = (
			);
			dependencies = (
				C07C3F01291E7EEE00D98362 /* PBXTargetDependency */,
			);
			name = QuizTests;
			productName = QuizTests;
			productReference = C07C3EFF291E7EEE00D98362 /* QuizTests.xctest */;
			productType = "com.apple.product-type.bundle.unit-test";
		};
		C07C3F08291E7EEE00D98362 /* QuizUITests */ = {
			isa = PBXNativeTarget;
			buildConfigurationList = C07C3F19291E7EEE00D98362 /* Build configuration list for PBXNativeTarget "QuizUITests" */;
			buildPhases = (
				C07C3F05291E7EEE00D98362 /* Sources */,
				C07C3F06291E7EEE00D98362 /* Frameworks */,
				C07C3F07291E7EEE00D98362 /* Resources */,
			);
			buildRules = (
			);
			dependencies = (
				C07C3F0B291E7EEE00D98362 /* PBXTargetDependency */,
			);
			name = QuizUITests;
			productName = QuizUITests;
			productReference = C07C3F09291E7EEE00D98362 /* QuizUITests.xctest */;
			productType = "com.apple.product-type.bundle.ui-testing";
		};
/* End PBXNativeTarget section */

/* Begin PBXProject section */
		C07C3EE7291E7EE800D98362 /* Project object */ = {
			isa = PBXProject;
			attributes = {
				BuildIndependentTargetsInParallel = 1;
				LastSwiftUpdateCheck = 1400;
				LastUpgradeCheck = 1400;
				TargetAttributes = {
					C07C3EEE291E7EE900D98362 = {
						CreatedOnToolsVersion = 14.0.1;
					};
					C07C3EFE291E7EEE00D98362 = {
						CreatedOnToolsVersion = 14.0.1;
						TestTargetID = C07C3EEE291E7EE900D98362;
					};
					C07C3F08291E7EEE00D98362 = {
						CreatedOnToolsVersion = 14.0.1;
						TestTargetID = C07C3EEE291E7EE900D98362;
					};
				};
			};
			buildConfigurationList = C07C3EEA291E7EE800D98362 /* Build configuration list for PBXProject "Quiz" */;
			compatibilityVersion = "Xcode 14.0";
			developmentRegion = en;
			hasScannedForEncodings = 0;
			knownRegions = (
				en,
				Base,
			);
			mainGroup = C07C3EE6291E7EE800D98362;
			productRefGroup = C07C3EF0291E7EE900D98362 /* Products */;
			projectDirPath = "";
			projectRoot = "";
			targets = (
				C07C3EEE291E7EE900D98362 /* Quiz */,
				C07C3EFE291E7EEE00D98362 /* QuizTests */,
				C07C3F08291E7EEE00D98362 /* QuizUITests */,
			);
		};
/* End PBXProject section */

/* Begin PBXResourcesBuildPhase section */
		C07C3EED291E7EE900D98362 /* Resources */ = {
			isa = PBXResourcesBuildPhase;
			buildActionMask = 2147483647;
			files = (
				C07C3EFA291E7EED00D98362 /* Preview Assets.xcassets in Resources */,
				C07C3EF7291E7EED00D98362 /* Assets.xcassets in Resources */,
				C05F9DBE292D2F5D00DA56BC /* Launch Screen.storyboard in Resources */,
			);
			runOnlyForDeploymentPostprocessing = 0;
		};
		C07C3EFD291E7EEE00D98362 /* Resources */ = {
			isa = PBXResourcesBuildPhase;
			buildActionMask = 2147483647;
			files = (
			);
			runOnlyForDeploymentPostprocessing = 0;
		};
		C07C3F07291E7EEE00D98362 /* Resources */ = {
			isa = PBXResourcesBuildPhase;
			buildActionMask = 2147483647;
			files = (
			);
			runOnlyForDeploymentPostprocessing = 0;
		};
/* End PBXResourcesBuildPhase section */

/* Begin PBXSourcesBuildPhase section */
		C07C3EEB291E7EE900D98362 /* Sources */ = {
			isa = PBXSourcesBuildPhase;
			buildActionMask = 2147483647;
			files = (
				C07C3F22291E803B00D98362 /* QuizItem.swift in Sources */,
				C07C3F24291E803B00D98362 /* QuizzesModel.swift in Sources */,
				C0CE93462922F8F400A36130 /* QuizPlayView.swift in Sources */,
				C06FF782292E3A4400A5DBA8 /* MyAsyncImage.swift in Sources */,
				C06FF786292E5AF000A5DBA8 /* ScoresModel.swift in Sources */,
				C07C3EF5291E7EE900D98362 /* QuizzesView.swift in Sources */,
				C06FF780292E334200A5DBA8 /* QuizRow.swift in Sources */,
				C07C3EF3291E7EE900D98362 /* QuizApp.swift in Sources */,
			);
			runOnlyForDeploymentPostprocessing = 0;
		};
		C07C3EFB291E7EEE00D98362 /* Sources */ = {
			isa = PBXSourcesBuildPhase;
			buildActionMask = 2147483647;
			files = (
			);
			runOnlyForDeploymentPostprocessing = 0;
		};
		C07C3F05291E7EEE00D98362 /* Sources */ = {
			isa = PBXSourcesBuildPhase;
			buildActionMask = 2147483647;
			files = (
			);
			runOnlyForDeploymentPostprocessing = 0;
		};
/* End PBXSourcesBuildPhase section */

/* Begin PBXTargetDependency section */
		C07C3F01291E7EEE00D98362 /* PBXTargetDependency */ = {
			isa = PBXTargetDependency;
			target = C07C3EEE291E7EE900D98362 /* Quiz */;
			targetProxy = C07C3F00291E7EEE00D98362 /* PBXContainerItemProxy */;
		};
		C07C3F0B291E7EEE00D98362 /* PBXTargetDependency */ = {
			isa = PBXTargetDependency;
			target = C07C3EEE291E7EE900D98362 /* Quiz */;
			targetProxy = C07C3F0A291E7EEE00D98362 /* PBXContainerItemProxy */;
		};
/* End PBXTargetDependency section */

/* Begin XCBuildConfiguration section */
		C07C3F11291E7EEE00D98362 /* Debug */ = {
			isa = XCBuildConfiguration;
			buildSettings = {
				ALWAYS_SEARCH_USER_PATHS = NO;
				CLANG_ANALYZER_NONNULL = YES;
				CLANG_ANALYZER_NUMBER_OBJECT_CONVERSION = YES_AGGRESSIVE;
				CLANG_CXX_LANGUAGE_STANDARD = "gnu++20";
				CLANG_ENABLE_MODULES = YES;
				CLANG_ENABLE_OBJC_ARC = YES;
				CLANG_ENABLE_OBJC_WEAK = YES;
				CLANG_WARN_BLOCK_CAPTURE_AUTORELEASING = YES;
				CLANG_WARN_BOOL_CONVERSION = YES;
				CLANG_WARN_COMMA = YES;
				CLANG_WARN_CONSTANT_CONVERSION = YES;
				CLANG_WARN_DEPRECATED_OBJC_IMPLEMENTATIONS = YES;
				CLANG_WARN_DIRECT_OBJC_ISA_USAGE = YES_ERROR;
				CLANG_WARN_DOCUMENTATION_COMMENTS = YES;
				CLANG_WARN_EMPTY_BODY = YES;
				CLANG_WARN_ENUM_CONVERSION = YES;
				CLANG_WARN_INFINITE_RECURSION = YES;
				CLANG_WARN_INT_CONVERSION = YES;
				CLANG_WARN_NON_LITERAL_NULL_CONVERSION = YES;
				CLANG_WARN_OBJC_IMPLICIT_RETAIN_SELF = YES;
				CLANG_WARN_OBJC_LITERAL_CONVERSION = YES;
				CLANG_WARN_OBJC_ROOT_CLASS = YES_ERROR;
				CLANG_WARN_QUOTED_INCLUDE_IN_FRAMEWORK_HEADER = YES;
				CLANG_WARN_RANGE_LOOP_ANALYSIS = YES;
				CLANG_WARN_STRICT_PROTOTYPES = YES;
				CLANG_WARN_SUSPICIOUS_MOVE = YES;
				CLANG_WARN_UNGUARDED_AVAILABILITY = YES_AGGRESSIVE;
				CLANG_WARN_UNREACHABLE_CODE = YES;
				CLANG_WARN__DUPLICATE_METHOD_MATCH = YES;
				COPY_PHASE_STRIP = NO;
				DEBUG_INFORMATION_FORMAT = dwarf;
				ENABLE_STRICT_OBJC_MSGSEND = YES;
				ENABLE_TESTABILITY = YES;
				GCC_C_LANGUAGE_STANDARD = gnu11;
				GCC_DYNAMIC_NO_PIC = NO;
				GCC_NO_COMMON_BLOCKS = YES;
				GCC_OPTIMIZATION_LEVEL = 0;
				GCC_PREPROCESSOR_DEFINITIONS = (
					"DEBUG=1",
					"$(inherited)",
				);
				GCC_WARN_64_TO_32_BIT_CONVERSION = YES;
				GCC_WARN_ABOUT_RETURN_TYPE = YES_ERROR;
				GCC_WARN_UNDECLARED_SELECTOR = YES;
				GCC_WARN_UNINITIALIZED_AUTOS = YES_AGGRESSIVE;
				GCC_WARN_UNUSED_FUNCTION = YES;
				GCC_WARN_UNUSED_VARIABLE = YES;
				IPHONEOS_DEPLOYMENT_TARGET = 16.0;
				MTL_ENABLE_DEBUG_INFO = INCLUDE_SOURCE;
				MTL_FAST_MATH = YES;
				ONLY_ACTIVE_ARCH = YES;
				SDKROOT = iphoneos;
				SWIFT_ACTIVE_COMPILATION_CONDITIONS = DEBUG;
				SWIFT_OPTIMIZATION_LEVEL = "-Onone";
			};
			name = Debug;
		};
		C07C3F12291E7EEE00D98362 /* Release */ = {
			isa = XCBuildConfiguration;
			buildSettings = {
				ALWAYS_SEARCH_USER_PATHS = NO;
				CLANG_ANALYZER_NONNULL = YES;
				CLANG_ANALYZER_NUMBER_OBJECT_CONVERSION = YES_AGGRESSIVE;
				CLANG_CXX_LANGUAGE_STANDARD = "gnu++20";
				CLANG_ENABLE_MODULES = YES;
				CLANG_ENABLE_OBJC_ARC = YES;
				CLANG_ENABLE_OBJC_WEAK = YES;
				CLANG_WARN_BLOCK_CAPTURE_AUTORELEASING = YES;
				CLANG_WARN_BOOL_CONVERSION = YES;
				CLANG_WARN_COMMA = YES;
				CLANG_WARN_CONSTANT_CONVERSION = YES;
				CLANG_WARN_DEPRECATED_OBJC_IMPLEMENTATIONS = YES;
				CLANG_WARN_DIRECT_OBJC_ISA_USAGE = YES_ERROR;
				CLANG_WARN_DOCUMENTATION_COMMENTS = YES;
				CLANG_WARN_EMPTY_BODY = YES;
				CLANG_WARN_ENUM_CONVERSION = YES;
				CLANG_WARN_INFINITE_RECURSION = YES;
				CLANG_WARN_INT_CONVERSION = YES;
				CLANG_WARN_NON_LITERAL_NULL_CONVERSION = YES;
				CLANG_WARN_OBJC_IMPLICIT_RETAIN_SELF = YES;
				CLANG_WARN_OBJC_LITERAL_CONVERSION = YES;
				CLANG_WARN_OBJC_ROOT_CLASS = YES_ERROR;
				CLANG_WARN_QUOTED_INCLUDE_IN_FRAMEWORK_HEADER = YES;
				CLANG_WARN_RANGE_LOOP_ANALYSIS = YES;
				CLANG_WARN_STRICT_PROTOTYPES = YES;
				CLANG_WARN_SUSPICIOUS_MOVE = YES;
				CLANG_WARN_UNGUARDED_AVAILABILITY = YES_AGGRESSIVE;
				CLANG_WARN_UNREACHABLE_CODE = YES;
				CLANG_WARN__DUPLICATE_METHOD_MATCH = YES;
				COPY_PHASE_STRIP = NO;
				DEBUG_INFORMATION_FORMAT = "dwarf-with-dsym";
				ENABLE_NS_ASSERTIONS = NO;
				ENABLE_STRICT_OBJC_MSGSEND = YES;
				GCC_C_LANGUAGE_STANDARD = gnu11;
				GCC_NO_COMMON_BLOCKS = YES;
				GCC_WARN_64_TO_32_BIT_CONVERSION = YES;
				GCC_WARN_ABOUT_RETURN_TYPE = YES_ERROR;
				GCC_WARN_UNDECLARED_SELECTOR = YES;
				GCC_WARN_UNINITIALIZED_AUTOS = YES_AGGRESSIVE;
				GCC_WARN_UNUSED_FUNCTION = YES;
				GCC_WARN_UNUSED_VARIABLE = YES;
				IPHONEOS_DEPLOYMENT_TARGET = 16.0;
				MTL_ENABLE_DEBUG_INFO = NO;
				MTL_FAST_MATH = YES;
				SDKROOT = iphoneos;
				SWIFT_COMPILATION_MODE = wholemodule;
				SWIFT_OPTIMIZATION_LEVEL = "-O";
				VALIDATE_PRODUCT = YES;
			};
			name = Release;
		};
		C07C3F14291E7EEE00D98362 /* Debug */ = {
			isa = XCBuildConfiguration;
			buildSettings = {
				ASSETCATALOG_COMPILER_APPICON_NAME = AppIcon;
				ASSETCATALOG_COMPILER_GLOBAL_ACCENT_COLOR_NAME = AccentColor;
				ASSETCATALOG_COMPILER_INCLUDE_ALL_APPICON_ASSETS = YES;
				CODE_SIGN_STYLE = Automatic;
				CURRENT_PROJECT_VERSION = 1;
				DEVELOPMENT_ASSET_PATHS = "\"Quiz/Preview Content\"";
				DEVELOPMENT_TEAM = KC2N954HLY;
				ENABLE_PREVIEWS = YES;
				GENERATE_INFOPLIST_FILE = YES;
				INFOPLIST_KEY_UIApplicationSceneManifest_Generation = YES;
				INFOPLIST_KEY_UIApplicationSupportsIndirectInputEvents = YES;
				INFOPLIST_KEY_UILaunchScreen_Generation = YES;
				INFOPLIST_KEY_UILaunchStoryboardName = "Launch Screen.storyboard";
				INFOPLIST_KEY_UISupportedInterfaceOrientations_iPad = "UIInterfaceOrientationPortrait UIInterfaceOrientationPortraitUpsideDown UIInterfaceOrientationLandscapeLeft UIInterfaceOrientationLandscapeRight";
				INFOPLIST_KEY_UISupportedInterfaceOrientations_iPhone = "UIInterfaceOrientationPortrait UIInterfaceOrientationLandscapeLeft UIInterfaceOrientationLandscapeRight";
				LD_RUNPATH_SEARCH_PATHS = (
					"$(inherited)",
					"@executable_path/Frameworks",
				);
				MARKETING_VERSION = 1.0;
				PRODUCT_BUNDLE_IDENTIFIER = ordenador.Quiz;
				PRODUCT_NAME = "$(TARGET_NAME)";
				SWIFT_EMIT_LOC_STRINGS = YES;
				SWIFT_VERSION = 5.0;
				TARGETED_DEVICE_FAMILY = "1,2";
			};
			name = Debug;
		};
		C07C3F15291E7EEE00D98362 /* Release */ = {
			isa = XCBuildConfiguration;
			buildSettings = {
				ASSETCATALOG_COMPILER_APPICON_NAME = AppIcon;
				ASSETCATALOG_COMPILER_GLOBAL_ACCENT_COLOR_NAME = AccentColor;
				ASSETCATALOG_COMPILER_INCLUDE_ALL_APPICON_ASSETS = YES;
				CODE_SIGN_STYLE = Automatic;
				CURRENT_PROJECT_VERSION = 1;
				DEVELOPMENT_ASSET_PATHS = "\"Quiz/Preview Content\"";
				DEVELOPMENT_TEAM = KC2N954HLY;
				ENABLE_PREVIEWS = YES;
				GENERATE_INFOPLIST_FILE = YES;
				INFOPLIST_KEY_UIApplicationSceneManifest_Generation = YES;
				INFOPLIST_KEY_UIApplicationSupportsIndirectInputEvents = YES;
				INFOPLIST_KEY_UILaunchScreen_Generation = YES;
				INFOPLIST_KEY_UILaunchStoryboardName = "Launch Screen.storyboard";
				INFOPLIST_KEY_UISupportedInterfaceOrientations_iPad = "UIInterfaceOrientationPortrait UIInterfaceOrientationPortraitUpsideDown UIInterfaceOrientationLandscapeLeft UIInterfaceOrientationLandscapeRight";
				INFOPLIST_KEY_UISupportedInterfaceOrientations_iPhone = "UIInterfaceOrientationPortrait UIInterfaceOrientationLandscapeLeft UIInterfaceOrientationLandscapeRight";
				LD_RUNPATH_SEARCH_PATHS = (
					"$(inherited)",
					"@executable_path/Frameworks",
				);
				MARKETING_VERSION = 1.0;
				PRODUCT_BUNDLE_IDENTIFIER = ordenador.Quiz;
				PRODUCT_NAME = "$(TARGET_NAME)";
				SWIFT_EMIT_LOC_STRINGS = YES;
				SWIFT_VERSION = 5.0;
				TARGETED_DEVICE_FAMILY = "1,2";
			};
			name = Release;
		};
		C07C3F17291E7EEE00D98362 /* Debug */ = {
			isa = XCBuildConfiguration;
			buildSettings = {
				ALWAYS_EMBED_SWIFT_STANDARD_LIBRARIES = YES;
				BUNDLE_LOADER = "$(TEST_HOST)";
				CODE_SIGN_STYLE = Automatic;
				CURRENT_PROJECT_VERSION = 1;
				DEVELOPMENT_TEAM = KC2N954HLY;
				GENERATE_INFOPLIST_FILE = YES;
				IPHONEOS_DEPLOYMENT_TARGET = 16.0;
				MARKETING_VERSION = 1.0;
				PRODUCT_BUNDLE_IDENTIFIER = ordenador.QuizTests;
				PRODUCT_NAME = "$(TARGET_NAME)";
				SWIFT_EMIT_LOC_STRINGS = NO;
				SWIFT_VERSION = 5.0;
				TARGETED_DEVICE_FAMILY = "1,2";
				TEST_HOST = "$(BUILT_PRODUCTS_DIR)/Quiz.app/$(BUNDLE_EXECUTABLE_FOLDER_PATH)/Quiz";
			};
			name = Debug;
		};
		C07C3F18291E7EEE00D98362 /* Release */ = {
			isa = XCBuildConfiguration;
			buildSettings = {
				ALWAYS_EMBED_SWIFT_STANDARD_LIBRARIES = YES;
				BUNDLE_LOADER = "$(TEST_HOST)";
				CODE_SIGN_STYLE = Automatic;
				CURRENT_PROJECT_VERSION = 1;
				DEVELOPMENT_TEAM = KC2N954HLY;
				GENERATE_INFOPLIST_FILE = YES;
				IPHONEOS_DEPLOYMENT_TARGET = 16.0;
				MARKETING_VERSION = 1.0;
				PRODUCT_BUNDLE_IDENTIFIER = ordenador.QuizTests;
				PRODUCT_NAME = "$(TARGET_NAME)";
				SWIFT_EMIT_LOC_STRINGS = NO;
				SWIFT_VERSION = 5.0;
				TARGETED_DEVICE_FAMILY = "1,2";
				TEST_HOST = "$(BUILT_PRODUCTS_DIR)/Quiz.app/$(BUNDLE_EXECUTABLE_FOLDER_PATH)/Quiz";
			};
			name = Release;
		};
		C07C3F1A291E7EEE00D98362 /* Debug */ = {
			isa = XCBuildConfiguration;
			buildSettings = {
				ALWAYS_EMBED_SWIFT_STANDARD_LIBRARIES = YES;
				CODE_SIGN_STYLE = Automatic;
				CURRENT_PROJECT_VERSION = 1;
				DEVELOPMENT_TEAM = KC2N954HLY;
				GENERATE_INFOPLIST_FILE = YES;
				MARKETING_VERSION = 1.0;
				PRODUCT_BUNDLE_IDENTIFIER = ordenador.QuizUITests;
				PRODUCT_NAME = "$(TARGET_NAME)";
				SWIFT_EMIT_LOC_STRINGS = NO;
				SWIFT_VERSION = 5.0;
				TARGETED_DEVICE_FAMILY = "1,2";
				TEST_TARGET_NAME = Quiz;
			};
			name = Debug;
		};
		C07C3F1B291E7EEE00D98362 /* Release */ = {
			isa = XCBuildConfiguration;
			buildSettings = {
				ALWAYS_EMBED_SWIFT_STANDARD_LIBRARIES = YES;
				CODE_SIGN_STYLE = Automatic;
				CURRENT_PROJECT_VERSION = 1;
				DEVELOPMENT_TEAM = KC2N954HLY;
				GENERATE_INFOPLIST_FILE = YES;
				MARKETING_VERSION = 1.0;
				PRODUCT_BUNDLE_IDENTIFIER = ordenador.QuizUITests;
				PRODUCT_NAME = "$(TARGET_NAME)";
				SWIFT_EMIT_LOC_STRINGS = NO;
				SWIFT_VERSION = 5.0;
				TARGETED_DEVICE_FAMILY = "1,2";
				TEST_TARGET_NAME = Quiz;
			};
			name = Release;
		};
/* End XCBuildConfiguration section */

/* Begin XCConfigurationList section */
		C07C3EEA291E7EE800D98362 /* Build configuration list for PBXProject "Quiz" */ = {
			isa = XCConfigurationList;
			buildConfigurations = (
				C07C3F11291E7EEE00D98362 /* Debug */,
				C07C3F12291E7EEE00D98362 /* Release */,
			);
			defaultConfigurationIsVisible = 0;
			defaultConfigurationName = Release;
		};
		C07C3F13291E7EEE00D98362 /* Build configuration list for PBXNativeTarget "Quiz" */ = {
			isa = XCConfigurationList;
			buildConfigurations = (
				C07C3F14291E7EEE00D98362 /* Debug */,
				C07C3F15291E7EEE00D98362 /* Release */,
			);
			defaultConfigurationIsVisible = 0;
			defaultConfigurationName = Release;
		};
		C07C3F16291E7EEE00D98362 /* Build configuration list for PBXNativeTarget "QuizTests" */ = {
			isa = XCConfigurationList;
			buildConfigurations = (
				C07C3F17291E7EEE00D98362 /* Debug */,
				C07C3F18291E7EEE00D98362 /* Release */,
			);
			defaultConfigurationIsVisible = 0;
			defaultConfigurationName = Release;
		};
		C07C3F19291E7EEE00D98362 /* Build configuration list for PBXNativeTarget "QuizUITests" */ = {
			isa = XCConfigurationList;
			buildConfigurations = (
				C07C3F1A291E7EEE00D98362 /* Debug */,
				C07C3F1B291E7EEE00D98362 /* Release */,
			);
			defaultConfigurationIsVisible = 0;
			defaultConfigurationName = Release;
		};
/* End XCConfigurationList section */
	};
	rootObject = C07C3EE7291E7EE800D98362 /* Project object */;
}
